
Microsoft Visual Studio Solution File, Format Version 12.00
# Visual Studio Version 16
VisualStudioVersion = 16.0.31624.102
MinimumVisualStudioVersion = 10.0.40219.1
Project("{FAE04EC0-301F-11D3-BF4B-00C04F79EFBC}") = "RabbitMQWeb.ExcelCreate", "RabbitMQWeb.ExcelCreate\RabbitMQWeb.ExcelCreate.csproj", "{7A6A8928-C7D5-4B06-8656-C4FE0254E59A}"
EndProject
Project("{FAE04EC0-301F-11D3-BF4B-00C04F79EFBC}") = "Shared", "Shared\Shared.csproj", "{8ABC5004-08B0-440E-AEB0-A173C7CF5206}"
EndProject
Project("{FAE04EC0-301F-11D3-BF4B-00C04F79EFBC}") = "FileCreateWorkerService", "FileCreateWorkerService\FileCreateWorkerService.csproj", "{A88CFDA4-AD5D-4FFD-9E6F-0C12445B721B}"
EndProject
Global
	GlobalSection(SolutionConfigurationPlatforms) = preSolution
		Debug|Any CPU = Debug|Any CPU
		Release|Any CPU = Release|Any CPU
	EndGlobalSection
	GlobalSection(ProjectConfigurationPlatforms) = postSolution
		{7A6A8928-C7D5-4B06-8656-C4FE0254E59A}.Debug|Any CPU.ActiveCfg = Debug|Any CPU
		{7A6A8928-C7D5-4B06-8656-C4FE0254E59A}.Debug|Any CPU.Build.0 = Debug|Any CPU
		{7A6A8928-C7D5-4B06-8656-C4FE0254E59A}.Release|Any CPU.ActiveCfg = Release|Any CPU
		{7A6A8928-C7D5-4B06-8656-C4FE0254E59A}.Release|Any CPU.Build.0 = Release|Any CPU
		{8ABC5004-08B0-440E-AEB0-A173C7CF5206}.Debug|Any CPU.ActiveCfg = Debug|Any CPU
		{8ABC5004-08B0-440E-AEB0-A173C7CF5206}.Debug|Any CPU.Build.0 = Debug|Any CPU
		{8ABC5004-08B0-440E-AEB0-A173C7CF5206}.Release|Any CPU.ActiveCfg = Release|Any CPU
		{8ABC5004-08B0-440E-AEB0-A173C7CF5206}.Release|Any CPU.Build.0 = Release|Any CPU
		{A88CFDA4-AD5D-4FFD-9E6F-0C12445B721B}.Debug|Any CPU.ActiveCfg = Debug|Any CPU
		{A88CFDA4-AD5D-4FFD-9E6F-0C12445B721B}.Debug|Any CPU.Build.0 = Debug|Any CPU
		{A88CFDA4-AD5D-4FFD-9E6F-0C12445B721B}.Release|Any CPU.ActiveCfg = Release|Any CPU
		{A88CFDA4-AD5D-4FFD-9E6F-0C12445B721B}.Release|Any CPU.Build.0 = Release|Any CPU
	EndGlobalSection
	GlobalSection(SolutionProperties) = preSolution
		HideSolutionNode = FALSE
	EndGlobalSection
	GlobalSection(ExtensibilityGlobals) = postSolution
		SolutionGuid = {655DD51D-682D-4F09-A6C6-38083489CFB6}
	EndGlobalSection
EndGlobal
